[[package]]
name = "unittest"
version = "0.0"
description = ""
category = "dev"
optional = false
python-versions = "*"

[metadata]
lock-version = "1.1"
python-versions = "^3.9"
content-hash = "6313f8f211e2f0a1eb2f9144a61123588ec2ad384af731d22d20570e313f4a7d"

[metadata.files]
unittest = [
    {file = "unittest2-0.0.0.tar.gz", hash = "sha256:1b492484bea7f68abda5fcc61412e77b6a105e5842355d630f8b75f01add3555"},
]
